// !$*UTF8*$!
{
	archiveVersion = 1;
	classes = {
	};
	objectVersion = 46;
	objects = {

/* Begin PBXBuildFile section */
		0E03CDAC1B8BF57000CEE251 /* CommentCell.m in Sources */ = {isa = PBXBuildFile; fileRef = 0E03CDAB1B8BF57000CEE251 /* CommentCell.m */; };
		0E17C8271B88CE570088C466 /* Bolts.framework in Frameworks */ = {isa = PBXBuildFile; fileRef = 0E17C8251B88CE570088C466 /* Bolts.framework */; };
		0E17C8281B88CE570088C466 /* Parse.framework in Frameworks */ = {isa = PBXBuildFile; fileRef = 0E17C8261B88CE570088C466 /* Parse.framework */; };
		0E17C82A1B88CE920088C466 /* AudioToolbox.framework in Frameworks */ = {isa = PBXBuildFile; fileRef = 0E17C8291B88CE920088C466 /* AudioToolbox.framework */; };
		0E17C82C1B88CE980088C466 /* CFNetwork.framework in Frameworks */ = {isa = PBXBuildFile; fileRef = 0E17C82B1B88CE980088C466 /* CFNetwork.framework */; };
		0E17C82E1B88CE9E0088C466 /* CoreGraphics.framework in Frameworks */ = {isa = PBXBuildFile; fileRef = 0E17C82D1B88CE9E0088C466 /* CoreGraphics.framework */; };
		0E17C8301B88CEA60088C466 /* QuartzCore.framework in Frameworks */ = {isa = PBXBuildFile; fileRef = 0E17C82F1B88CEA60088C466 /* QuartzCore.framework */; };
		0E17C8321B88CEAC0088C466 /* Security.framework in Frameworks */ = {isa = PBXBuildFile; fileRef = 0E17C8311B88CEAC0088C466 /* Security.framework */; };
		0E17C8341B88CEB20088C466 /* StoreKit.framework in Frameworks */ = {isa = PBXBuildFile; fileRef = 0E17C8331B88CEB20088C466 /* StoreKit.framework */; };
		0E17C8361B88CEBA0088C466 /* SystemConfiguration.framework in Frameworks */ = {isa = PBXBuildFile; fileRef = 0E17C8351B88CEBA0088C466 /* SystemConfiguration.framework */; };
		0E17C8381B88CEC20088C466 /* libz.dylib in Frameworks */ = {isa = PBXBuildFile; fileRef = 0E17C8371B88CEC20088C466 /* libz.dylib */; };
		0E17C83A1B88CED00088C466 /* libsqlite3.dylib in Frameworks */ = {isa = PBXBuildFile; fileRef = 0E17C8391B88CED00088C466 /* libsqlite3.dylib */; };
		0E17C83D1B8911CC0088C466 /* SavedPlacesDetailVC.m in Sources */ = {isa = PBXBuildFile; fileRef = 0E17C83C1B8911CC0088C466 /* SavedPlacesDetailVC.m */; };
		0E342ADB1BA79A8D006AEAB5 /* RatingsVC.m in Sources */ = {isa = PBXBuildFile; fileRef = 0E342ADA1BA79A8D006AEAB5 /* RatingsVC.m */; };
		0E42C1C91B87FC7400708326 /* WebVC.m in Sources */ = {isa = PBXBuildFile; fileRef = 0E42C1C81B87FC7400708326 /* WebVC.m */; };
		0E42C1CB1B88080400708326 /* Accounts.framework in Frameworks */ = {isa = PBXBuildFile; fileRef = 0E42C1CA1B88080400708326 /* Accounts.framework */; };
		0E42C1CD1B880A3F00708326 /* Social.framework in Frameworks */ = {isa = PBXBuildFile; fileRef = 0E42C1CC1B880A3F00708326 /* Social.framework */; };
		0E42C1CF1B88172100708326 /* CoreLocation.framework in Frameworks */ = {isa = PBXBuildFile; fileRef = 0E42C1CE1B88172100708326 /* CoreLocation.framework */; };
		0E6232881B84096000562474 /* main.m in Sources */ = {isa = PBXBuildFile; fileRef = 0E6232871B84096000562474 /* main.m */; };
		0E62328B1B84096000562474 /* AppDelegate.m in Sources */ = {isa = PBXBuildFile; fileRef = 0E62328A1B84096000562474 /* AppDelegate.m */; };
		0E62328E1B84096000562474 /* ViewController.m in Sources */ = {isa = PBXBuildFile; fileRef = 0E62328D1B84096000562474 /* ViewController.m */; };
		0E6232911B84096000562474 /* Main.storyboard in Resources */ = {isa = PBXBuildFile; fileRef = 0E62328F1B84096000562474 /* Main.storyboard */; };
		0E6232931B84096000562474 /* Images.xcassets in Resources */ = {isa = PBXBuildFile; fileRef = 0E6232921B84096000562474 /* Images.xcassets */; };
		0E6232961B84096000562474 /* LaunchScreen.xib in Resources */ = {isa = PBXBuildFile; fileRef = 0E6232941B84096000562474 /* LaunchScreen.xib */; };
		0E6232A21B84096100562474 /* VeganEezeTests.m in Sources */ = {isa = PBXBuildFile; fileRef = 0E6232A11B84096100562474 /* VeganEezeTests.m */; };
		0E6232AD1B8416D300562474 /* CreateNewAcctVC.m in Sources */ = {isa = PBXBuildFile; fileRef = 0E6232AC1B8416D300562474 /* CreateNewAcctVC.m */; };
		0E6232B31B8423AC00562474 /* FindARestaurantVC.m in Sources */ = {isa = PBXBuildFile; fileRef = 0E6232B21B8423AC00562474 /* FindARestaurantVC.m */; };
		0E6232B61B84262100562474 /* SearchEventsVC.m in Sources */ = {isa = PBXBuildFile; fileRef = 0E6232B51B84262100562474 /* SearchEventsVC.m */; };
		0E6232B91B8426BB00562474 /* BeverageSearchVC.m in Sources */ = {isa = PBXBuildFile; fileRef = 0E6232B81B8426BB00562474 /* BeverageSearchVC.m */; };
		0E651EE11BAA5B03000C6291 /* EditAccountVC.m in Sources */ = {isa = PBXBuildFile; fileRef = 0E651EE01BAA5B03000C6291 /* EditAccountVC.m */; };
		0E651EE41BADFB3F000C6291 /* Reachability.m in Sources */ = {isa = PBXBuildFile; fileRef = 0E651EE31BADFB3F000C6291 /* Reachability.m */; };
		0E7053A71B91FDA6008518A1 /* AlcoholBeverage.m in Sources */ = {isa = PBXBuildFile; fileRef = 0E7053A61B91FDA6008518A1 /* AlcoholBeverage.m */; };
		0E7053AA1B923D92008518A1 /* VeganRestaurant.m in Sources */ = {isa = PBXBuildFile; fileRef = 0E7053A91B923D92008518A1 /* VeganRestaurant.m */; };
		0E7053AD1B939F33008518A1 /* VeganEvent.m in Sources */ = {isa = PBXBuildFile; fileRef = 0E7053AC1B939F33008518A1 /* VeganEvent.m */; };
		0E7053B01B97BA53008518A1 /* EventReview.m in Sources */ = {isa = PBXBuildFile; fileRef = 0E7053AF1B97BA53008518A1 /* EventReview.m */; };
		0E7053B31B97BF8F008518A1 /* RestaurantReview.m in Sources */ = {isa = PBXBuildFile; fileRef = 0E7053B21B97BF8F008518A1 /* RestaurantReview.m */; };
		0E749FF71B9FB74400F63771 /* RestaurantResultCell.m in Sources */ = {isa = PBXBuildFile; fileRef = 0E749FF61B9FB74400F63771 /* RestaurantResultCell.m */; };
		0E749FFA1BA2766F00F63771 /* EventResultCell.m in Sources */ = {isa = PBXBuildFile; fileRef = 0E749FF91BA2766F00F63771 /* EventResultCell.m */; };
		0E749FFC1BA3C46E00F63771 /* MapKit.framework in Frameworks */ = {isa = PBXBuildFile; fileRef = 0E749FFB1BA3C46E00F63771 /* MapKit.framework */; };
		0E749FFF1BA471F600F63771 /* SearchMenuVC.m in Sources */ = {isa = PBXBuildFile; fileRef = 0E749FFE1BA471F600F63771 /* SearchMenuVC.m */; };
		0E74A0021BA4C8BB00F63771 /* VeganResource.m in Sources */ = {isa = PBXBuildFile; fileRef = 0E74A0011BA4C8BB00F63771 /* VeganResource.m */; };
		0ED7BA021B856F5C0038EF3A /* RestaurantDetailVC.m in Sources */ = {isa = PBXBuildFile; fileRef = 0ED7BA011B856F5C0038EF3A /* RestaurantDetailVC.m */; };
		0ED7BA051B856F6E0038EF3A /* EventDetailVC.m in Sources */ = {isa = PBXBuildFile; fileRef = 0ED7BA041B856F6E0038EF3A /* EventDetailVC.m */; };
		0ED7BA111B8573980038EF3A /* RestaurantResultsTVC.m in Sources */ = {isa = PBXBuildFile; fileRef = 0ED7BA101B8573980038EF3A /* RestaurantResultsTVC.m */; };
		0ED7BA141B8573A90038EF3A /* EventResultsTVC.m in Sources */ = {isa = PBXBuildFile; fileRef = 0ED7BA131B8573A90038EF3A /* EventResultsTVC.m */; };
		0ED7BA171B869D0D0038EF3A /* BeverageResultsTVC.m in Sources */ = {isa = PBXBuildFile; fileRef = 0ED7BA161B869D0D0038EF3A /* BeverageResultsTVC.m */; };
		0ED7BA1A1B869E910038EF3A /* FavoritePlacesTVC.m in Sources */ = {isa = PBXBuildFile; fileRef = 0ED7BA191B869E910038EF3A /* FavoritePlacesTVC.m */; };
		0ED7BA1D1B869F390038EF3A /* PlacesToVisitTVC.m in Sources */ = {isa = PBXBuildFile; fileRef = 0ED7BA1C1B869F390038EF3A /* PlacesToVisitTVC.m */; };
		0ED7BA201B869FE60038EF3A /* VeganResourcesTVC.m in Sources */ = {isa = PBXBuildFile; fileRef = 0ED7BA1F1B869FE60038EF3A /* VeganResourcesTVC.m */; };
/* End PBXBuildFile section */

/* Begin PBXContainerItemProxy section */
		0E62329C1B84096000562474 /* PBXContainerItemProxy */ = {
			isa = PBXContainerItemProxy;
			containerPortal = 0E62327A1B84095E00562474 /* Project object */;
			proxyType = 1;
			remoteGlobalIDString = 0E6232811B84095E00562474;
			remoteInfo = VeganEeze;
		};
/* End PBXContainerItemProxy section */

/* Begin PBXFileReference section */
		0E03CDAA1B8BF57000CEE251 /* CommentCell.h */ = {isa = PBXFileReference; fileEncoding = 4; lastKnownFileType = sourcecode.c.h; path = CommentCell.h; sourceTree = "<group>"; };
		0E03CDAB1B8BF57000CEE251 /* CommentCell.m */ = {isa = PBXFileReference; fileEncoding = 4; lastKnownFileType = sourcecode.c.objc; path = CommentCell.m; sourceTree = "<group>"; };
		0E17C8251B88CE570088C466 /* Bolts.framework */ = {isa = PBXFileReference; lastKnownFileType = wrapper.framework; path = Bolts.framework; sourceTree = "<group>"; };
		0E17C8261B88CE570088C466 /* Parse.framework */ = {isa = PBXFileReference; lastKnownFileType = wrapper.framework; path = Parse.framework; sourceTree = "<group>"; };
		0E17C8291B88CE920088C466 /* AudioToolbox.framework */ = {isa = PBXFileReference; lastKnownFileType = wrapper.framework; name = AudioToolbox.framework; path = System/Library/Frameworks/AudioToolbox.framework; sourceTree = SDKROOT; };
		0E17C82B1B88CE980088C466 /* CFNetwork.framework */ = {isa = PBXFileReference; lastKnownFileType = wrapper.framework; name = CFNetwork.framework; path = System/Library/Frameworks/CFNetwork.framework; sourceTree = SDKROOT; };
		0E17C82D1B88CE9E0088C466 /* CoreGraphics.framework */ = {isa = PBXFileReference; lastKnownFileType = wrapper.framework; name = CoreGraphics.framework; path = System/Library/Frameworks/CoreGraphics.framework; sourceTree = SDKROOT; };
		0E17C82F1B88CEA60088C466 /* QuartzCore.framework */ = {isa = PBXFileReference; lastKnownFileType = wrapper.framework; name = QuartzCore.framework; path = System/Library/Frameworks/QuartzCore.framework; sourceTree = SDKROOT; };
		0E17C8311B88CEAC0088C466 /* Security.framework */ = {isa = PBXFileReference; lastKnownFileType = wrapper.framework; name = Security.framework; path = System/Library/Frameworks/Security.framework; sourceTree = SDKROOT; };
		0E17C8331B88CEB20088C466 /* StoreKit.framework */ = {isa = PBXFileReference; lastKnownFileType = wrapper.framework; name = StoreKit.framework; path = System/Library/Frameworks/StoreKit.framework; sourceTree = SDKROOT; };
		0E17C8351B88CEBA0088C466 /* SystemConfiguration.framework */ = {isa = PBXFileReference; lastKnownFileType = wrapper.framework; name = SystemConfiguration.framework; path = System/Library/Frameworks/SystemConfiguration.framework; sourceTree = SDKROOT; };
		0E17C8371B88CEC20088C466 /* libz.dylib */ = {isa = PBXFileReference; lastKnownFileType = "compiled.mach-o.dylib"; name = libz.dylib; path = usr/lib/libz.dylib; sourceTree = SDKROOT; };
		0E17C8391B88CED00088C466 /* libsqlite3.dylib */ = {isa = PBXFileReference; lastKnownFileType = "compiled.mach-o.dylib"; name = libsqlite3.dylib; path = usr/lib/libsqlite3.dylib; sourceTree = SDKROOT; };
		0E17C83B1B8911CC0088C466 /* SavedPlacesDetailVC.h */ = {isa = PBXFileReference; fileEncoding = 4; lastKnownFileType = sourcecode.c.h; path = SavedPlacesDetailVC.h; sourceTree = "<group>"; };
		0E17C83C1B8911CC0088C466 /* SavedPlacesDetailVC.m */ = {isa = PBXFileReference; fileEncoding = 4; lastKnownFileType = sourcecode.c.objc; path = SavedPlacesDetailVC.m; sourceTree = "<group>"; };
		0E342AD91BA79A8D006AEAB5 /* RatingsVC.h */ = {isa = PBXFileReference; fileEncoding = 4; lastKnownFileType = sourcecode.c.h; path = RatingsVC.h; sourceTree = "<group>"; };
		0E342ADA1BA79A8D006AEAB5 /* RatingsVC.m */ = {isa = PBXFileReference; fileEncoding = 4; lastKnownFileType = sourcecode.c.objc; path = RatingsVC.m; sourceTree = "<group>"; };
		0E42C1C71B87FC7400708326 /* WebVC.h */ = {isa = PBXFileReference; fileEncoding = 4; lastKnownFileType = sourcecode.c.h; path = WebVC.h; sourceTree = "<group>"; };
		0E42C1C81B87FC7400708326 /* WebVC.m */ = {isa = PBXFileReference; fileEncoding = 4; lastKnownFileType = sourcecode.c.objc; path = WebVC.m; sourceTree = "<group>"; };
		0E42C1CA1B88080400708326 /* Accounts.framework */ = {isa = PBXFileReference; lastKnownFileType = wrapper.framework; name = Accounts.framework; path = System/Library/Frameworks/Accounts.framework; sourceTree = SDKROOT; };
		0E42C1CC1B880A3F00708326 /* Social.framework */ = {isa = PBXFileReference; lastKnownFileType = wrapper.framework; name = Social.framework; path = System/Library/Frameworks/Social.framework; sourceTree = SDKROOT; };
		0E42C1CE1B88172100708326 /* CoreLocation.framework */ = {isa = PBXFileReference; lastKnownFileType = wrapper.framework; name = CoreLocation.framework; path = System/Library/Frameworks/CoreLocation.framework; sourceTree = SDKROOT; };
		0E6232821B84095E00562474 /* VeganEeze.app */ = {isa = PBXFileReference; explicitFileType = wrapper.application; includeInIndex = 0; path = VeganEeze.app; sourceTree = BUILT_PRODUCTS_DIR; };
		0E6232861B84096000562474 /* Info.plist */ = {isa = PBXFileReference; lastKnownFileType = text.plist.xml; path = Info.plist; sourceTree = "<group>"; };
		0E6232871B84096000562474 /* main.m */ = {isa = PBXFileReference; lastKnownFileType = sourcecode.c.objc; path = main.m; sourceTree = "<group>"; };
		0E6232891B84096000562474 /* AppDelegate.h */ = {isa = PBXFileReference; lastKnownFileType = sourcecode.c.h; path = AppDelegate.h; sourceTree = "<group>"; };
		0E62328A1B84096000562474 /* AppDelegate.m */ = {isa = PBXFileReference; lastKnownFileType = sourcecode.c.objc; path = AppDelegate.m; sourceTree = "<group>"; };
		0E62328C1B84096000562474 /* ViewController.h */ = {isa = PBXFileReference; lastKnownFileType = sourcecode.c.h; path = ViewController.h; sourceTree = "<group>"; };
		0E62328D1B84096000562474 /* ViewController.m */ = {isa = PBXFileReference; lastKnownFileType = sourcecode.c.objc; path = ViewController.m; sourceTree = "<group>"; };
		0E6232901B84096000562474 /* Base */ = {isa = PBXFileReference; lastKnownFileType = file.storyboard; name = Base; path = Base.lproj/Main.storyboard; sourceTree = "<group>"; };
		0E6232921B84096000562474 /* Images.xcassets */ = {isa = PBXFileReference; lastKnownFileType = folder.assetcatalog; path = Images.xcassets; sourceTree = "<group>"; };
		0E6232951B84096000562474 /* Base */ = {isa = PBXFileReference; lastKnownFileType = file.xib; name = Base; path = Base.lproj/LaunchScreen.xib; sourceTree = "<group>"; };
		0E62329B1B84096000562474 /* VeganEezeTests.xctest */ = {isa = PBXFileReference; explicitFileType = wrapper.cfbundle; includeInIndex = 0; path = VeganEezeTests.xctest; sourceTree = BUILT_PRODUCTS_DIR; };
		0E6232A01B84096100562474 /* Info.plist */ = {isa = PBXFileReference; lastKnownFileType = text.plist.xml; path = Info.plist; sourceTree = "<group>"; };
		0E6232A11B84096100562474 /* VeganEezeTests.m */ = {isa = PBXFileReference; lastKnownFileType = sourcecode.c.objc; path = VeganEezeTests.m; sourceTree = "<group>"; };
		0E6232AB1B8416D300562474 /* CreateNewAcctVC.h */ = {isa = PBXFileReference; fileEncoding = 4; lastKnownFileType = sourcecode.c.h; path = CreateNewAcctVC.h; sourceTree = "<group>"; };
		0E6232AC1B8416D300562474 /* CreateNewAcctVC.m */ = {isa = PBXFileReference; fileEncoding = 4; lastKnownFileType = sourcecode.c.objc; path = CreateNewAcctVC.m; sourceTree = "<group>"; };
		0E6232B11B8423AC00562474 /* FindARestaurantVC.h */ = {isa = PBXFileReference; fileEncoding = 4; lastKnownFileType = sourcecode.c.h; path = FindARestaurantVC.h; sourceTree = "<group>"; };
		0E6232B21B8423AC00562474 /* FindARestaurantVC.m */ = {isa = PBXFileReference; fileEncoding = 4; lastKnownFileType = sourcecode.c.objc; path = FindARestaurantVC.m; sourceTree = "<group>"; };
		0E6232B41B84262100562474 /* SearchEventsVC.h */ = {isa = PBXFileReference; fileEncoding = 4; lastKnownFileType = sourcecode.c.h; path = SearchEventsVC.h; sourceTree = "<group>"; };
		0E6232B51B84262100562474 /* SearchEventsVC.m */ = {isa = PBXFileReference; fileEncoding = 4; lastKnownFileType = sourcecode.c.objc; path = SearchEventsVC.m; sourceTree = "<group>"; };
		0E6232B71B8426BB00562474 /* BeverageSearchVC.h */ = {isa = PBXFileReference; fileEncoding = 4; lastKnownFileType = sourcecode.c.h; path = BeverageSearchVC.h; sourceTree = "<group>"; };
		0E6232B81B8426BB00562474 /* BeverageSearchVC.m */ = {isa = PBXFileReference; fileEncoding = 4; lastKnownFileType = sourcecode.c.objc; path = BeverageSearchVC.m; sourceTree = "<group>"; };
		0E651EDF1BAA5B03000C6291 /* EditAccountVC.h */ = {isa = PBXFileReference; fileEncoding = 4; lastKnownFileType = sourcecode.c.h; path = EditAccountVC.h; sourceTree = "<group>"; };
		0E651EE01BAA5B03000C6291 /* EditAccountVC.m */ = {isa = PBXFileReference; fileEncoding = 4; lastKnownFileType = sourcecode.c.objc; path = EditAccountVC.m; sourceTree = "<group>"; };
		0E651EE21BADFB3F000C6291 /* Reachability.h */ = {isa = PBXFileReference; fileEncoding = 4; lastKnownFileType = sourcecode.c.h; path = Reachability.h; sourceTree = "<group>"; };
		0E651EE31BADFB3F000C6291 /* Reachability.m */ = {isa = PBXFileReference; fileEncoding = 4; lastKnownFileType = sourcecode.c.objc; path = Reachability.m; sourceTree = "<group>"; };
		0E7053A51B91FDA6008518A1 /* AlcoholBeverage.h */ = {isa = PBXFileReference; fileEncoding = 4; lastKnownFileType = sourcecode.c.h; path = AlcoholBeverage.h; sourceTree = "<group>"; };
		0E7053A61B91FDA6008518A1 /* AlcoholBeverage.m */ = {isa = PBXFileReference; fileEncoding = 4; lastKnownFileType = sourcecode.c.objc; path = AlcoholBeverage.m; sourceTree = "<group>"; };
		0E7053A81B923D92008518A1 /* VeganRestaurant.h */ = {isa = PBXFileReference; fileEncoding = 4; lastKnownFileType = sourcecode.c.h; path = VeganRestaurant.h; sourceTree = "<group>"; };
		0E7053A91B923D92008518A1 /* VeganRestaurant.m */ = {isa = PBXFileReference; fileEncoding = 4; lastKnownFileType = sourcecode.c.objc; path = VeganRestaurant.m; sourceTree = "<group>"; };
		0E7053AB1B939F33008518A1 /* VeganEvent.h */ = {isa = PBXFileReference; fileEncoding = 4; lastKnownFileType = sourcecode.c.h; path = VeganEvent.h; sourceTree = "<group>"; };
		0E7053AC1B939F33008518A1 /* VeganEvent.m */ = {isa = PBXFileReference; fileEncoding = 4; lastKnownFileType = sourcecode.c.objc; path = VeganEvent.m; sourceTree = "<group>"; };
		0E7053AE1B97BA53008518A1 /* EventReview.h */ = {isa = PBXFileReference; fileEncoding = 4; lastKnownFileType = sourcecode.c.h; path = EventReview.h; sourceTree = "<group>"; };
		0E7053AF1B97BA53008518A1 /* EventReview.m */ = {isa = PBXFileReference; fileEncoding = 4; lastKnownFileType = sourcecode.c.objc; path = EventReview.m; sourceTree = "<group>"; };
		0E7053B11B97BF8F008518A1 /* RestaurantReview.h */ = {isa = PBXFileReference; fileEncoding = 4; lastKnownFileType = sourcecode.c.h; path = RestaurantReview.h; sourceTree = "<group>"; };
		0E7053B21B97BF8F008518A1 /* RestaurantReview.m */ = {isa = PBXFileReference; fileEncoding = 4; lastKnownFileType = sourcecode.c.objc; path = RestaurantReview.m; sourceTree = "<group>"; };
		0E749FF51B9FB74400F63771 /* RestaurantResultCell.h */ = {isa = PBXFileReference; fileEncoding = 4; lastKnownFileType = sourcecode.c.h; path = RestaurantResultCell.h; sourceTree = "<group>"; };
		0E749FF61B9FB74400F63771 /* RestaurantResultCell.m */ = {isa = PBXFileReference; fileEncoding = 4; lastKnownFileType = sourcecode.c.objc; path = RestaurantResultCell.m; sourceTree = "<group>"; };
		0E749FF81BA2766F00F63771 /* EventResultCell.h */ = {isa = PBXFileReference; fileEncoding = 4; lastKnownFileType = sourcecode.c.h; path = EventResultCell.h; sourceTree = "<group>"; };
		0E749FF91BA2766F00F63771 /* EventResultCell.m */ = {isa = PBXFileReference; fileEncoding = 4; lastKnownFileType = sourcecode.c.objc; path = EventResultCell.m; sourceTree = "<group>"; };
		0E749FFB1BA3C46E00F63771 /* MapKit.framework */ = {isa = PBXFileReference; lastKnownFileType = wrapper.framework; name = MapKit.framework; path = System/Library/Frameworks/MapKit.framework; sourceTree = SDKROOT; };
		0E749FFD1BA471F600F63771 /* SearchMenuVC.h */ = {isa = PBXFileReference; fileEncoding = 4; lastKnownFileType = sourcecode.c.h; path = SearchMenuVC.h; sourceTree = "<group>"; };
		0E749FFE1BA471F600F63771 /* SearchMenuVC.m */ = {isa = PBXFileReference; fileEncoding = 4; lastKnownFileType = sourcecode.c.objc; path = SearchMenuVC.m; sourceTree = "<group>"; };
		0E74A0001BA4C8BB00F63771 /* VeganResource.h */ = {isa = PBXFileReference; fileEncoding = 4; lastKnownFileType = sourcecode.c.h; path = VeganResource.h; sourceTree = "<group>"; };
		0E74A0011BA4C8BB00F63771 /* VeganResource.m */ = {isa = PBXFileReference; fileEncoding = 4; lastKnownFileType = sourcecode.c.objc; path = VeganResource.m; sourceTree = "<group>"; };
		0ED7BA001B856F5C0038EF3A /* RestaurantDetailVC.h */ = {isa = PBXFileReference; fileEncoding = 4; lastKnownFileType = sourcecode.c.h; path = RestaurantDetailVC.h; sourceTree = "<group>"; };
		0ED7BA011B856F5C0038EF3A /* RestaurantDetailVC.m */ = {isa = PBXFileReference; fileEncoding = 4; lastKnownFileType = sourcecode.c.objc; path = RestaurantDetailVC.m; sourceTree = "<group>"; };
		0ED7BA031B856F6E0038EF3A /* EventDetailVC.h */ = {isa = PBXFileReference; fileEncoding = 4; lastKnownFileType = sourcecode.c.h; path = EventDetailVC.h; sourceTree = "<group>"; };
		0ED7BA041B856F6E0038EF3A /* EventDetailVC.m */ = {isa = PBXFileReference; fileEncoding = 4; lastKnownFileType = sourcecode.c.objc; path = EventDetailVC.m; sourceTree = "<group>"; };
		0ED7BA0F1B8573980038EF3A /* RestaurantResultsTVC.h */ = {isa = PBXFileReference; fileEncoding = 4; lastKnownFileType = sourcecode.c.h; path = RestaurantResultsTVC.h; sourceTree = "<group>"; };
		0ED7BA101B8573980038EF3A /* RestaurantResultsTVC.m */ = {isa = PBXFileReference; fileEncoding = 4; lastKnownFileType = sourcecode.c.objc; path = RestaurantResultsTVC.m; sourceTree = "<group>"; };
		0ED7BA121B8573A90038EF3A /* EventResultsTVC.h */ = {isa = PBXFileReference; fileEncoding = 4; lastKnownFileType = sourcecode.c.h; path = EventResultsTVC.h; sourceTree = "<group>"; };
		0ED7BA131B8573A90038EF3A /* EventResultsTVC.m */ = {isa = PBXFileReference; fileEncoding = 4; lastKnownFileType = sourcecode.c.objc; path = EventResultsTVC.m; sourceTree = "<group>"; };
		0ED7BA151B869D0D0038EF3A /* BeverageResultsTVC.h */ = {isa = PBXFileReference; fileEncoding = 4; lastKnownFileType = sourcecode.c.h; path = BeverageResultsTVC.h; sourceTree = "<group>"; };
		0ED7BA161B869D0D0038EF3A /* BeverageResultsTVC.m */ = {isa = PBXFileReference; fileEncoding = 4; lastKnownFileType = sourcecode.c.objc; path = BeverageResultsTVC.m; sourceTree = "<group>"; };
		0ED7BA181B869E910038EF3A /* FavoritePlacesTVC.h */ = {isa = PBXFileReference; fileEncoding = 4; lastKnownFileType = sourcecode.c.h; path = FavoritePlacesTVC.h; sourceTree = "<group>"; };
		0ED7BA191B869E910038EF3A /* FavoritePlacesTVC.m */ = {isa = PBXFileReference; fileEncoding = 4; lastKnownFileType = sourcecode.c.objc; path = FavoritePlacesTVC.m; sourceTree = "<group>"; };
		0ED7BA1B1B869F390038EF3A /* PlacesToVisitTVC.h */ = {isa = PBXFileReference; fileEncoding = 4; lastKnownFileType = sourcecode.c.h; path = PlacesToVisitTVC.h; sourceTree = "<group>"; };
		0ED7BA1C1B869F390038EF3A /* PlacesToVisitTVC.m */ = {isa = PBXFileReference; fileEncoding = 4; lastKnownFileType = sourcecode.c.objc; path = PlacesToVisitTVC.m; sourceTree = "<group>"; };
		0ED7BA1E1B869FE60038EF3A /* VeganResourcesTVC.h */ = {isa = PBXFileReference; fileEncoding = 4; lastKnownFileType = sourcecode.c.h; path = VeganResourcesTVC.h; sourceTree = "<group>"; };
		0ED7BA1F1B869FE60038EF3A /* VeganResourcesTVC.m */ = {isa = PBXFileReference; fileEncoding = 4; lastKnownFileType = sourcecode.c.objc; path = VeganResourcesTVC.m; sourceTree = "<group>"; };
/* End PBXFileReference section */

/* Begin PBXFrameworksBuildPhase section */
		0E62327F1B84095E00562474 /* Frameworks */ = {
			isa = PBXFrameworksBuildPhase;
			buildActionMask = 2147483647;
			files = (
				0E749FFC1BA3C46E00F63771 /* MapKit.framework in Frameworks */,
				0E17C83A1B88CED00088C466 /* libsqlite3.dylib in Frameworks */,
				0E17C8381B88CEC20088C466 /* libz.dylib in Frameworks */,
				0E17C8361B88CEBA0088C466 /* SystemConfiguration.framework in Frameworks */,
				0E17C8341B88CEB20088C466 /* StoreKit.framework in Frameworks */,
				0E17C8321B88CEAC0088C466 /* Security.framework in Frameworks */,
				0E17C8301B88CEA60088C466 /* QuartzCore.framework in Frameworks */,
				0E17C82E1B88CE9E0088C466 /* CoreGraphics.framework in Frameworks */,
				0E17C82C1B88CE980088C466 /* CFNetwork.framework in Frameworks */,
				0E17C82A1B88CE920088C466 /* AudioToolbox.framework in Frameworks */,
				0E42C1CF1B88172100708326 /* CoreLocation.framework in Frameworks */,
				0E42C1CD1B880A3F00708326 /* Social.framework in Frameworks */,
				0E42C1CB1B88080400708326 /* Accounts.framework in Frameworks */,
				0E17C8271B88CE570088C466 /* Bolts.framework in Frameworks */,
				0E17C8281B88CE570088C466 /* Parse.framework in Frameworks */,
			);
			runOnlyForDeploymentPostprocessing = 0;
		};
		0E6232981B84096000562474 /* Frameworks */ = {
			isa = PBXFrameworksBuildPhase;
			buildActionMask = 2147483647;
			files = (
			);
			runOnlyForDeploymentPostprocessing = 0;
		};
/* End PBXFrameworksBuildPhase section */

/* Begin PBXGroup section */
		0E6232791B84095E00562474 = {
			isa = PBXGroup;
			children = (
				0E749FFB1BA3C46E00F63771 /* MapKit.framework */,
				0E17C8391B88CED00088C466 /* libsqlite3.dylib */,
				0E17C8371B88CEC20088C466 /* libz.dylib */,
				0E17C8351B88CEBA0088C466 /* SystemConfiguration.framework */,
				0E17C8331B88CEB20088C466 /* StoreKit.framework */,
				0E17C8311B88CEAC0088C466 /* Security.framework */,
				0E17C82F1B88CEA60088C466 /* QuartzCore.framework */,
				0E17C82D1B88CE9E0088C466 /* CoreGraphics.framework */,
				0E17C82B1B88CE980088C466 /* CFNetwork.framework */,
				0E17C8291B88CE920088C466 /* AudioToolbox.framework */,
				0E17C8251B88CE570088C466 /* Bolts.framework */,
				0E17C8261B88CE570088C466 /* Parse.framework */,
				0E42C1CE1B88172100708326 /* CoreLocation.framework */,
				0E42C1CC1B880A3F00708326 /* Social.framework */,
				0E42C1CA1B88080400708326 /* Accounts.framework */,
				0E6232841B84095F00562474 /* VeganEeze */,
				0E62329E1B84096000562474 /* VeganEezeTests */,
				0E6232831B84095E00562474 /* Products */,
			);
			sourceTree = "<group>";
		};
		0E6232831B84095E00562474 /* Products */ = {
			isa = PBXGroup;
			children = (
				0E6232821B84095E00562474 /* VeganEeze.app */,
				0E62329B1B84096000562474 /* VeganEezeTests.xctest */,
			);
			name = Products;
			sourceTree = "<group>";
		};
		0E6232841B84095F00562474 /* VeganEeze */ = {
			isa = PBXGroup;
			children = (
				0E6232891B84096000562474 /* AppDelegate.h */,
				0E62328A1B84096000562474 /* AppDelegate.m */,
				0E62328C1B84096000562474 /* ViewController.h */,
				0E62328D1B84096000562474 /* ViewController.m */,
				0E62328F1B84096000562474 /* Main.storyboard */,
				0E6232921B84096000562474 /* Images.xcassets */,
				0E6232941B84096000562474 /* LaunchScreen.xib */,
				0E6232851B84096000562474 /* Supporting Files */,
				0E6232AB1B8416D300562474 /* CreateNewAcctVC.h */,
				0E6232AC1B8416D300562474 /* CreateNewAcctVC.m */,
				0E6232B11B8423AC00562474 /* FindARestaurantVC.h */,
				0E6232B21B8423AC00562474 /* FindARestaurantVC.m */,
				0E6232B41B84262100562474 /* SearchEventsVC.h */,
				0E6232B51B84262100562474 /* SearchEventsVC.m */,
				0E6232B71B8426BB00562474 /* BeverageSearchVC.h */,
				0E6232B81B8426BB00562474 /* BeverageSearchVC.m */,
				0ED7BA001B856F5C0038EF3A /* RestaurantDetailVC.h */,
				0ED7BA011B856F5C0038EF3A /* RestaurantDetailVC.m */,
				0ED7BA031B856F6E0038EF3A /* EventDetailVC.h */,
				0ED7BA041B856F6E0038EF3A /* EventDetailVC.m */,
				0ED7BA0F1B8573980038EF3A /* RestaurantResultsTVC.h */,
				0ED7BA101B8573980038EF3A /* RestaurantResultsTVC.m */,
				0ED7BA121B8573A90038EF3A /* EventResultsTVC.h */,
				0ED7BA131B8573A90038EF3A /* EventResultsTVC.m */,
				0ED7BA151B869D0D0038EF3A /* BeverageResultsTVC.h */,
				0ED7BA161B869D0D0038EF3A /* BeverageResultsTVC.m */,
				0ED7BA181B869E910038EF3A /* FavoritePlacesTVC.h */,
				0ED7BA191B869E910038EF3A /* FavoritePlacesTVC.m */,
				0ED7BA1B1B869F390038EF3A /* PlacesToVisitTVC.h */,
				0ED7BA1C1B869F390038EF3A /* PlacesToVisitTVC.m */,
				0ED7BA1E1B869FE60038EF3A /* VeganResourcesTVC.h */,
				0ED7BA1F1B869FE60038EF3A /* VeganResourcesTVC.m */,
				0E42C1C71B87FC7400708326 /* WebVC.h */,
				0E42C1C81B87FC7400708326 /* WebVC.m */,
				0E17C83B1B8911CC0088C466 /* SavedPlacesDetailVC.h */,
				0E17C83C1B8911CC0088C466 /* SavedPlacesDetailVC.m */,
				0E03CDAA1B8BF57000CEE251 /* CommentCell.h */,
				0E03CDAB1B8BF57000CEE251 /* CommentCell.m */,
				0E7053A51B91FDA6008518A1 /* AlcoholBeverage.h */,
				0E7053A61B91FDA6008518A1 /* AlcoholBeverage.m */,
				0E7053A81B923D92008518A1 /* VeganRestaurant.h */,
				0E7053A91B923D92008518A1 /* VeganRestaurant.m */,
				0E7053AB1B939F33008518A1 /* VeganEvent.h */,
				0E7053AC1B939F33008518A1 /* VeganEvent.m */,
				0E7053AE1B97BA53008518A1 /* EventReview.h */,
				0E7053AF1B97BA53008518A1 /* EventReview.m */,
				0E7053B11B97BF8F008518A1 /* RestaurantReview.h */,
				0E7053B21B97BF8F008518A1 /* RestaurantReview.m */,
				0E749FF51B9FB74400F63771 /* RestaurantResultCell.h */,
				0E749FF61B9FB74400F63771 /* RestaurantResultCell.m */,
				0E749FF81BA2766F00F63771 /* EventResultCell.h */,
				0E749FF91BA2766F00F63771 /* EventResultCell.m */,
				0E749FFD1BA471F600F63771 /* SearchMenuVC.h */,
				0E749FFE1BA471F600F63771 /* SearchMenuVC.m */,
				0E74A0001BA4C8BB00F63771 /* VeganResource.h */,
				0E74A0011BA4C8BB00F63771 /* VeganResource.m */,
				0E342AD91BA79A8D006AEAB5 /* RatingsVC.h */,
				0E342ADA1BA79A8D006AEAB5 /* RatingsVC.m */,
				0E651EDF1BAA5B03000C6291 /* EditAccountVC.h */,
				0E651EE01BAA5B03000C6291 /* EditAccountVC.m */,
				0E651EE21BADFB3F000C6291 /* Reachability.h */,
				0E651EE31BADFB3F000C6291 /* Reachability.m */,
			);
			path = VeganEeze;
			sourceTree = "<group>";
		};
		0E6232851B84096000562474 /* Supporting Files */ = {
			isa = PBXGroup;
			children = (
				0E6232861B84096000562474 /* Info.plist */,
				0E6232871B84096000562474 /* main.m */,
			);
			name = "Supporting Files";
			sourceTree = "<group>";
		};
		0E62329E1B84096000562474 /* VeganEezeTests */ = {
			isa = PBXGroup;
			children = (
				0E6232A11B84096100562474 /* VeganEezeTests.m */,
				0E62329F1B84096100562474 /* Supporting Files */,
			);
			path = VeganEezeTests;
			sourceTree = "<group>";
		};
		0E62329F1B84096100562474 /* Supporting Files */ = {
			isa = PBXGroup;
			children = (
				0E6232A01B84096100562474 /* Info.plist */,
			);
			name = "Supporting Files";
			sourceTree = "<group>";
		};
/* End PBXGroup section */

/* Begin PBXNativeTarget section */
		0E6232811B84095E00562474 /* VeganEeze */ = {
			isa = PBXNativeTarget;
			buildConfigurationList = 0E6232A51B84096100562474 /* Build configuration list for PBXNativeTarget "VeganEeze" */;
			buildPhases = (
				0E62327E1B84095E00562474 /* Sources */,
				0E62327F1B84095E00562474 /* Frameworks */,
				0E6232801B84095E00562474 /* Resources */,
			);
			buildRules = (
			);
			dependencies = (
			);
			name = VeganEeze;
			productName = VeganEeze;
			productReference = 0E6232821B84095E00562474 /* VeganEeze.app */;
			productType = "com.apple.product-type.application";
		};
		0E62329A1B84096000562474 /* VeganEezeTests */ = {
			isa = PBXNativeTarget;
			buildConfigurationList = 0E6232A81B84096100562474 /* Build configuration list for PBXNativeTarget "VeganEezeTests" */;
			buildPhases = (
				0E6232971B84096000562474 /* Sources */,
				0E6232981B84096000562474 /* Frameworks */,
				0E6232991B84096000562474 /* Resources */,
			);
			buildRules = (
			);
			dependencies = (
				0E62329D1B84096000562474 /* PBXTargetDependency */,
			);
			name = VeganEezeTests;
			productName = VeganEezeTests;
			productReference = 0E62329B1B84096000562474 /* VeganEezeTests.xctest */;
			productType = "com.apple.product-type.bundle.unit-test";
		};
/* End PBXNativeTarget section */

/* Begin PBXProject section */
		0E62327A1B84095E00562474 /* Project object */ = {
			isa = PBXProject;
			attributes = {
				LastUpgradeCheck = 0700;
				ORGANIZATIONNAME = "Brandon Ruger";
				TargetAttributes = {
					0E6232811B84095E00562474 = {
						CreatedOnToolsVersion = 6.4;
					};
					0E62329A1B84096000562474 = {
						CreatedOnToolsVersion = 6.4;
						TestTargetID = 0E6232811B84095E00562474;
					};
				};
			};
			buildConfigurationList = 0E62327D1B84095E00562474 /* Build configuration list for PBXProject "VeganEeze" */;
			compatibilityVersion = "Xcode 3.2";
			developmentRegion = English;
			hasScannedForEncodings = 0;
			knownRegions = (
				en,
				Base,
			);
			mainGroup = 0E6232791B84095E00562474;
			productRefGroup = 0E6232831B84095E00562474 /* Products */;
			projectDirPath = "";
			projectRoot = "";
			targets = (
				0E6232811B84095E00562474 /* VeganEeze */,
				0E62329A1B84096000562474 /* VeganEezeTests */,
			);
		};
/* End PBXProject section */

/* Begin PBXResourcesBuildPhase section */
		0E6232801B84095E00562474 /* Resources */ = {
			isa = PBXResourcesBuildPhase;
			buildActionMask = 2147483647;
			files = (
				0E6232911B84096000562474 /* Main.storyboard in Resources */,
				0E6232961B84096000562474 /* LaunchScreen.xib in Resources */,
				0E6232931B84096000562474 /* Images.xcassets in Resources */,
			);
			runOnlyForDeploymentPostprocessing = 0;
		};
		0E6232991B84096000562474 /* Resources */ = {
			isa = PBXResourcesBuildPhase;
			buildActionMask = 2147483647;
			files = (
			);
			runOnlyForDeploymentPostprocessing = 0;
		};
/* End PBXResourcesBuildPhase section */

/* Begin PBXSourcesBuildPhase section */
		0E62327E1B84095E00562474 /* Sources */ = {
			isa = PBXSourcesBuildPhase;
			buildActionMask = 2147483647;
			files = (
				0E651EE11BAA5B03000C6291 /* EditAccountVC.m in Sources */,
				0E7053B31B97BF8F008518A1 /* RestaurantReview.m in Sources */,
				0E749FFA1BA2766F00F63771 /* EventResultCell.m in Sources */,
				0E74A0021BA4C8BB00F63771 /* VeganResource.m in Sources */,
				0E7053B01B97BA53008518A1 /* EventReview.m in Sources */,
				0E342ADB1BA79A8D006AEAB5 /* RatingsVC.m in Sources */,
				0E62328E1B84096000562474 /* ViewController.m in Sources */,
				0E62328B1B84096000562474 /* AppDelegate.m in Sources */,
				0E03CDAC1B8BF57000CEE251 /* CommentCell.m in Sources */,
				0E6232B31B8423AC00562474 /* FindARestaurantVC.m in Sources */,
				0E651EE41BADFB3F000C6291 /* Reachability.m in Sources */,
				0ED7BA1D1B869F390038EF3A /* PlacesToVisitTVC.m in Sources */,
				0E749FFF1BA471F600F63771 /* SearchMenuVC.m in Sources */,
				0E6232AD1B8416D300562474 /* CreateNewAcctVC.m in Sources */,
				0ED7BA141B8573A90038EF3A /* EventResultsTVC.m in Sources */,
				0E749FF71B9FB74400F63771 /* RestaurantResultCell.m in Sources */,
				0E17C83D1B8911CC0088C466 /* SavedPlacesDetailVC.m in Sources */,
				0ED7BA201B869FE60038EF3A /* VeganResourcesTVC.m in Sources */,
				0E6232B91B8426BB00562474 /* BeverageSearchVC.m in Sources */,
				0E42C1C91B87FC7400708326 /* WebVC.m in Sources */,
				0E6232881B84096000562474 /* main.m in Sources */,
				0ED7BA111B8573980038EF3A /* RestaurantResultsTVC.m in Sources */,
				0ED7BA1A1B869E910038EF3A /* FavoritePlacesTVC.m in Sources */,
				0E6232B61B84262100562474 /* SearchEventsVC.m in Sources */,
				0ED7BA171B869D0D0038EF3A /* BeverageResultsTVC.m in Sources */,
				0E7053AA1B923D92008518A1 /* VeganRestaurant.m in Sources */,
				0E7053AD1B939F33008518A1 /* VeganEvent.m in Sources */,
				0ED7BA051B856F6E0038EF3A /* EventDetailVC.m in Sources */,
				0ED7BA021B856F5C0038EF3A /* RestaurantDetailVC.m in Sources */,
				0E7053A71B91FDA6008518A1 /* AlcoholBeverage.m in Sources */,
			);
			runOnlyForDeploymentPostprocessing = 0;
		};
		0E6232971B84096000562474 /* Sources */ = {
			isa = PBXSourcesBuildPhase;
			buildActionMask = 2147483647;
			files = (
				0E6232A21B84096100562474 /* VeganEezeTests.m in Sources */,
			);
			runOnlyForDeploymentPostprocessing = 0;
		};
/* End PBXSourcesBuildPhase section */

/* Begin PBXTargetDependency section */
		0E62329D1B84096000562474 /* PBXTargetDependency */ = {
			isa = PBXTargetDependency;
			target = 0E6232811B84095E00562474 /* VeganEeze */;
			targetProxy = 0E62329C1B84096000562474 /* PBXContainerItemProxy */;
		};
/* End PBXTargetDependency section */

/* Begin PBXVariantGroup section */
		0E62328F1B84096000562474 /* Main.storyboard */ = {
			isa = PBXVariantGroup;
			children = (
				0E6232901B84096000562474 /* Base */,
			);
			name = Main.storyboard;
			sourceTree = "<group>";
		};
		0E6232941B84096000562474 /* LaunchScreen.xib */ = {
			isa = PBXVariantGroup;
			children = (
				0E6232951B84096000562474 /* Base */,
			);
			name = LaunchScreen.xib;
			sourceTree = "<group>";
		};
/* End PBXVariantGroup section */

/* Begin XCBuildConfiguration section */
		0E6232A31B84096100562474 /* Debug */ = {
			isa = XCBuildConfiguration;
			buildSettings = {
				ALWAYS_SEARCH_USER_PATHS = NO;
				CLANG_CXX_LANGUAGE_STANDARD = "gnu++0x";
				CLANG_CXX_LIBRARY = "libc++";
				CLANG_ENABLE_MODULES = YES;
				CLANG_ENABLE_OBJC_ARC = YES;
				CLANG_WARN_BOOL_CONVERSION = YES;
				CLANG_WARN_CONSTANT_CONVERSION = YES;
				CLANG_WARN_DIRECT_OBJC_ISA_USAGE = YES_ERROR;
				CLANG_WARN_EMPTY_BODY = YES;
				CLANG_WARN_ENUM_CONVERSION = YES;
				CLANG_WARN_INT_CONVERSION = YES;
				CLANG_WARN_OBJC_ROOT_CLASS = YES_ERROR;
				CLANG_WARN_UNREACHABLE_CODE = YES;
				CLANG_WARN__DUPLICATE_METHOD_MATCH = YES;
				"CODE_SIGN_IDENTITY[sdk=iphoneos*]" = "iPhone Developer";
				COPY_PHASE_STRIP = NO;
				DEBUG_INFORMATION_FORMAT = "dwarf-with-dsym";
				ENABLE_STRICT_OBJC_MSGSEND = YES;
				ENABLE_TESTABILITY = YES;
				GCC_C_LANGUAGE_STANDARD = gnu99;
				GCC_DYNAMIC_NO_PIC = NO;
				GCC_NO_COMMON_BLOCKS = YES;
				GCC_OPTIMIZATION_LEVEL = 0;
				GCC_PREPROCESSOR_DEFINITIONS = (
					"DEBUG=1",
					"$(inherited)",
				);
				GCC_SYMBOLS_PRIVATE_EXTERN = NO;
				GCC_WARN_64_TO_32_BIT_CONVERSION = YES;
				GCC_WARN_ABOUT_RETURN_TYPE = YES_ERROR;
				GCC_WARN_UNDECLARED_SELECTOR = YES;
				GCC_WARN_UNINITIALIZED_AUTOS = YES_AGGRESSIVE;
				GCC_WARN_UNUSED_FUNCTION = YES;
				GCC_WARN_UNUSED_VARIABLE = YES;
				IPHONEOS_DEPLOYMENT_TARGET = 9.0;
				MTL_ENABLE_DEBUG_INFO = YES;
				ONLY_ACTIVE_ARCH = YES;
				SDKROOT = iphoneos;
			};
			name = Debug;
		};
		0E6232A41B84096100562474 /* Release */ = {
			isa = XCBuildConfiguration;
			buildSettings = {
				ALWAYS_SEARCH_USER_PATHS = NO;
				CLANG_CXX_LANGUAGE_STANDARD = "gnu++0x";
				CLANG_CXX_LIBRARY = "libc++";
				CLANG_ENABLE_MODULES = YES;
				CLANG_ENABLE_OBJC_ARC = YES;
				CLANG_WARN_BOOL_CONVERSION = YES;
				CLANG_WARN_CONSTANT_CONVERSION = YES;
				CLANG_WARN_DIRECT_OBJC_ISA_USAGE = YES_ERROR;
				CLANG_WARN_EMPTY_BODY = YES;
				CLANG_WARN_ENUM_CONVERSION = YES;
				CLANG_WARN_INT_CONVERSION = YES;
				CLANG_WARN_OBJC_ROOT_CLASS = YES_ERROR;
				CLANG_WARN_UNREACHABLE_CODE = YES;
				CLANG_WARN__DUPLICATE_METHOD_MATCH = YES;
				"CODE_SIGN_IDENTITY[sdk=iphoneos*]" = "iPhone Developer";
				COPY_PHASE_STRIP = NO;
				DEBUG_INFORMATION_FORMAT = "dwarf-with-dsym";
				ENABLE_NS_ASSERTIONS = NO;
				ENABLE_STRICT_OBJC_MSGSEND = YES;
				GCC_C_LANGUAGE_STANDARD = gnu99;
				GCC_NO_COMMON_BLOCKS = YES;
				GCC_WARN_64_TO_32_BIT_CONVERSION = YES;
				GCC_WARN_ABOUT_RETURN_TYPE = YES_ERROR;
				GCC_WARN_UNDECLARED_SELECTOR = YES;
				GCC_WARN_UNINITIALIZED_AUTOS = YES_AGGRESSIVE;
				GCC_WARN_UNUSED_FUNCTION = YES;
				GCC_WARN_UNUSED_VARIABLE = YES;
				IPHONEOS_DEPLOYMENT_TARGET = 9.0;
				MTL_ENABLE_DEBUG_INFO = NO;
				SDKROOT = iphoneos;
				VALIDATE_PRODUCT = YES;
			};
			name = Release;
		};
		0E6232A61B84096100562474 /* Debug */ = {
			isa = XCBuildConfiguration;
			buildSettings = {
				ASSETCATALOG_COMPILER_APPICON_NAME = AppIcon;
				FRAMEWORK_SEARCH_PATHS = (
					"$(inherited)",
					"$(PROJECT_DIR)",
				);
				INFOPLIST_FILE = VeganEeze/Info.plist;
				LD_RUNPATH_SEARCH_PATHS = "$(inherited) @executable_path/Frameworks";
				PRODUCT_BUNDLE_IDENTIFIER = "com.fullsail.$(PRODUCT_NAME:rfc1034identifier)";
				PRODUCT_NAME = "$(TARGET_NAME)";
			};
			name = Debug;
		};
		0E6232A71B84096100562474 /* Release */ = {
			isa = XCBuildConfiguration;
			buildSettings = {
				ASSETCATALOG_COMPILER_APPICON_NAME = AppIcon;
				FRAMEWORK_SEARCH_PATHS = (
					"$(inherited)",
					"$(PROJECT_DIR)",
				);
				INFOPLIST_FILE = VeganEeze/Info.plist;
				LD_RUNPATH_SEARCH_PATHS = "$(inherited) @executable_path/Frameworks";
				PRODUCT_BUNDLE_IDENTIFIER = "com.fullsail.$(PRODUCT_NAME:rfc1034identifier)";
				PRODUCT_NAME = "$(TARGET_NAME)";
			};
			name = Release;
		};
		0E6232A91B84096100562474 /* Debug */ = {
			isa = XCBuildConfiguration;
			buildSettings = {
				BUNDLE_LOADER = "$(TEST_HOST)";
				GCC_PREPROCESSOR_DEFINITIONS = (
					"DEBUG=1",
					"$(inherited)",
				);
				INFOPLIST_FILE = VeganEezeTests/Info.plist;
				LD_RUNPATH_SEARCH_PATHS = "$(inherited) @executable_path/Frameworks @loader_path/Frameworks";
				PRODUCT_BUNDLE_IDENTIFIER = "com.fullsail.$(PRODUCT_NAME:rfc1034identifier)";
				PRODUCT_NAME = "$(TARGET_NAME)";
				TEST_HOST = "$(BUILT_PRODUCTS_DIR)/VeganEeze.app/VeganEeze";
			};
			name = Debug;
		};
		0E6232AA1B84096100562474 /* Release */ = {
			isa = XCBuildConfiguration;
			buildSettings = {
				BUNDLE_LOADER = "$(TEST_HOST)";
				INFOPLIST_FILE = VeganEezeTests/Info.plist;
				LD_RUNPATH_SEARCH_PATHS = "$(inherited) @executable_path/Frameworks @loader_path/Frameworks";
				PRODUCT_BUNDLE_IDENTIFIER = "com.fullsail.$(PRODUCT_NAME:rfc1034identifier)";
				PRODUCT_NAME = "$(TARGET_NAME)";
				TEST_HOST = "$(BUILT_PRODUCTS_DIR)/VeganEeze.app/VeganEeze";
			};
			name = Release;
		};
/* End XCBuildConfiguration section */

/* Begin XCConfigurationList section */
		0E62327D1B84095E00562474 /* Build configuration list for PBXProject "VeganEeze" */ = {
			isa = XCConfigurationList;
			buildConfigurations = (
				0E6232A31B84096100562474 /* Debug */,
				0E6232A41B84096100562474 /* Release */,
			);
			defaultConfigurationIsVisible = 0;
			defaultConfigurationName = Release;
		};
		0E6232A51B84096100562474 /* Build configuration list for PBXNativeTarget "VeganEeze" */ = {
			isa = XCConfigurationList;
			buildConfigurations = (
				0E6232A61B84096100562474 /* Debug */,
				0E6232A71B84096100562474 /* Release */,
			);
			defaultConfigurationIsVisible = 0;
			defaultConfigurationName = Release;
		};
		0E6232A81B84096100562474 /* Build configuration list for PBXNativeTarget "VeganEezeTests" */ = {
			isa = XCConfigurationList;
			buildConfigurations = (
				0E6232A91B84096100562474 /* Debug */,
				0E6232AA1B84096100562474 /* Release */,
			);
			defaultConfigurationIsVisible = 0;
			defaultConfigurationName = Release;
		};
/* End XCConfigurationList section */
	};
	rootObject = 0E62327A1B84095E00562474 /* Project object */;
}
